
Microsoft Visual Studio Solution File, Format Version 12.00
Project("{FAE04EC0-301F-11D3-BF4B-00C04F79EFBC}") = "tgbot", "tgbot\tgbot.csproj", "{718F604C-F42F-4E9F-9B74-D1B7733B51FC}"
EndProject
Global
	GlobalSection(SolutionConfigurationPlatforms) = preSolution
		Debug|Any CPU = Debug|Any CPU
		Release|Any CPU = Release|Any CPU
	EndGlobalSection
	GlobalSection(ProjectConfigurationPlatforms) = postSolution
		{718F604C-F42F-4E9F-9B74-D1B7733B51FC}.Debug|Any CPU.ActiveCfg = Debug|Any CPU
		{718F604C-F42F-4E9F-9B74-D1B7733B51FC}.Debug|Any CPU.Build.0 = Debug|Any CPU
		{718F604C-F42F-4E9F-9B74-D1B7733B51FC}.Release|Any CPU.ActiveCfg = Release|Any CPU
		{718F604C-F42F-4E9F-9B74-D1B7733B51FC}.Release|Any CPU.Build.0 = Release|Any CPU
	EndGlobalSection
EndGlobal
